// !$*UTF8*$!
{
	archiveVersion = 1;
	classes = {
	};
	objectVersion = 50;
	objects = {

/* Begin PBXBuildFile section */
		C5410F36224A843F005CC5D4 /* AppDelegate.swift in Sources */ = {isa = PBXBuildFile; fileRef = C5410F35224A843F005CC5D4 /* AppDelegate.swift */; };
		C5410F38224A843F005CC5D4 /* ViewController.swift in Sources */ = {isa = PBXBuildFile; fileRef = C5410F37224A843F005CC5D4 /* ViewController.swift */; };
		C5410F3B224A843F005CC5D4 /* Main.storyboard in Resources */ = {isa = PBXBuildFile; fileRef = C5410F39224A843F005CC5D4 /* Main.storyboard */; };
		C5410F3D224A8441005CC5D4 /* Assets.xcassets in Resources */ = {isa = PBXBuildFile; fileRef = C5410F3C224A8441005CC5D4 /* Assets.xcassets */; };
		C5410F40224A8441005CC5D4 /* LaunchScreen.storyboard in Resources */ = {isa = PBXBuildFile; fileRef = C5410F3E224A8441005CC5D4 /* LaunchScreen.storyboard */; };
		C5410F48224A8479005CC5D4 /* Line.swift in Sources */ = {isa = PBXBuildFile; fileRef = C5410F47224A8478005CC5D4 /* Line.swift */; };
		C5410F4A224A84F1005CC5D4 /* DrawView.swift in Sources */ = {isa = PBXBuildFile; fileRef = C5410F49224A84F1005CC5D4 /* DrawView.swift */; };
		C5410F4C224B35A9005CC5D4 /* Circle.swift in Sources */ = {isa = PBXBuildFile; fileRef = C5410F4B224B35A9005CC5D4 /* Circle.swift */; };
/* End PBXBuildFile section */

/* Begin PBXFileReference section */
		C5410F32224A843F005CC5D4 /* Touch.app */ = {isa = PBXFileReference; explicitFileType = wrapper.application; includeInIndex = 0; path = Touch.app; sourceTree = BUILT_PRODUCTS_DIR; };
		C5410F35224A843F005CC5D4 /* AppDelegate.swift */ = {isa = PBXFileReference; lastKnownFileType = sourcecode.swift; path = AppDelegate.swift; sourceTree = "<group>"; };
		C5410F37224A843F005CC5D4 /* ViewController.swift */ = {isa = PBXFileReference; lastKnownFileType = sourcecode.swift; path = ViewController.swift; sourceTree = "<group>"; };
		C5410F3A224A843F005CC5D4 /* Base */ = {isa = PBXFileReference; lastKnownFileType = file.storyboard; name = Base; path = Base.lproj/Main.storyboard; sourceTree = "<group>"; };
		C5410F3C224A8441005CC5D4 /* Assets.xcassets */ = {isa = PBXFileReference; lastKnownFileType = folder.assetcatalog; path = Assets.xcassets; sourceTree = "<group>"; };
		C5410F3F224A8441005CC5D4 /* Base */ = {isa = PBXFileReference; lastKnownFileType = file.storyboard; name = Base; path = Base.lproj/LaunchScreen.storyboard; sourceTree = "<group>"; };
		C5410F41224A8441005CC5D4 /* Info.plist */ = {isa = PBXFileReference; lastKnownFileType = text.plist.xml; path = Info.plist; sourceTree = "<group>"; };
		C5410F47224A8478005CC5D4 /* Line.swift */ = {isa = PBXFileReference; lastKnownFileType = sourcecode.swift; path = Line.swift; sourceTree = "<group>"; };
		C5410F49224A84F1005CC5D4 /* DrawView.swift */ = {isa = PBXFileReference; lastKnownFileType = sourcecode.swift; path = DrawView.swift; sourceTree = "<group>"; };
		C5410F4B224B35A9005CC5D4 /* Circle.swift */ = {isa = PBXFileReference; lastKnownFileType = sourcecode.swift; path = Circle.swift; sourceTree = "<group>"; };
/* End PBXFileReference section */

/* Begin PBXFrameworksBuildPhase section */
		C5410F2F224A843F005CC5D4 /* Frameworks */ = {
			isa = PBXFrameworksBuildPhase;
			buildActionMask = 2147483647;
			files = (
			);
			runOnlyForDeploymentPostprocessing = 0;
		};
/* End PBXFrameworksBuildPhase section */

/* Begin PBXGroup section */
		C5410F29224A843F005CC5D4 = {
			isa = PBXGroup;
			children = (
				C5410F34224A843F005CC5D4 /* Touch */,
				C5410F33224A843F005CC5D4 /* Products */,
			);
			sourceTree = "<group>";
		};
		C5410F33224A843F005CC5D4 /* Products */ = {
			isa = PBXGroup;
			children = (
				C5410F32224A843F005CC5D4 /* Touch.app */,
			);
			name = Products;
			sourceTree = "<group>";
		};
		C5410F34224A843F005CC5D4 /* Touch */ = {
			isa = PBXGroup;
			children = (
				C5410F35224A843F005CC5D4 /* AppDelegate.swift */,
				C5410F37224A843F005CC5D4 /* ViewController.swift */,
				C5410F39224A843F005CC5D4 /* Main.storyboard */,
				C5410F3C224A8441005CC5D4 /* Assets.xcassets */,
				C5410F3E224A8441005CC5D4 /* LaunchScreen.storyboard */,
				C5410F41224A8441005CC5D4 /* Info.plist */,
				C5410F47224A8478005CC5D4 /* Line.swift */,
				C5410F49224A84F1005CC5D4 /* DrawView.swift */,
				C5410F4B224B35A9005CC5D4 /* Circle.swift */,
			);
			path = Touch;
			sourceTree = "<group>";
		};
/* End PBXGroup section */

/* Begin PBXNativeTarget section */
		C5410F31224A843F005CC5D4 /* Touch */ = {
			isa = PBXNativeTarget;
			buildConfigurationList = C5410F44224A8441005CC5D4 /* Build configuration list for PBXNativeTarget "Touch" */;
			buildPhases = (
				C5410F2E224A843F005CC5D4 /* Sources */,
				C5410F2F224A843F005CC5D4 /* Frameworks */,
				C5410F30224A843F005CC5D4 /* Resources */,
			);
			buildRules = (
			);
			dependencies = (
			);
			name = Touch;
			productName = Touch;
			productReference = C5410F32224A843F005CC5D4 /* Touch.app */;
			productType = "com.apple.product-type.application";
		};
/* End PBXNativeTarget section */

/* Begin PBXProject section */
		C5410F2A224A843F005CC5D4 /* Project object */ = {
			isa = PBXProject;
			attributes = {
				LastSwiftUpdateCheck = 1010;
				LastUpgradeCheck = 1010;
				ORGANIZATIONNAME = Yiwei;
				TargetAttributes = {
					C5410F31224A843F005CC5D4 = {
						CreatedOnToolsVersion = 10.1;
					};
				};
			};
			buildConfigurationList = C5410F2D224A843F005CC5D4 /* Build configuration list for PBXProject "Touch" */;
			compatibilityVersion = "Xcode 9.3";
			developmentRegion = en;
			hasScannedForEncodings = 0;
			knownRegions = (
				en,
				Base,
			);
			mainGroup = C5410F29224A843F005CC5D4;
			productRefGroup = C5410F33224A843F005CC5D4 /* Products */;
			projectDirPath = "";
			projectRoot = "";
			targets = (
				C5410F31224A843F005CC5D4 /* Touch */,
			);
		};
/* End PBXProject section */

/* Begin PBXResourcesBuildPhase section */
		C5410F30224A843F005CC5D4 /* Resources */ = {
			isa = PBXResourcesBuildPhase;
			buildActionMask = 2147483647;
			files = (
				C5410F40224A8441005CC5D4 /* LaunchScreen.storyboard in Resources */,
				C5410F3D224A8441005CC5D4 /* Assets.xcassets in Resources */,
				C5410F3B224A843F005CC5D4 /* Main.storyboard in Resources */,
			);
			runOnlyForDeploymentPostprocessing = 0;
		};
/* End PBXResourcesBuildPhase section */

/* Begin PBXSourcesBuildPhase section */
		C5410F2E224A843F005CC5D4 /* Sources */ = {
			isa = PBXSourcesBuildPhase;
			buildActionMask = 2147483647;
			files = (
				C5410F4C224B35A9005CC5D4 /* Circle.swift in Sources */,
				C5410F48224A8479005CC5D4 /* Line.swift in Sources */,
				C5410F38224A843F005CC5D4 /* ViewController.swift in Sources */,
				C5410F4A224A84F1005CC5D4 /* DrawView.swift in Sources */,
				C5410F36224A843F005CC5D4 /* AppDelegate.swift in Sources */,
			);
			runOnlyForDeploymentPostprocessing = 0;
		};
/* End PBXSourcesBuildPhase section */

/* Begin PBXVariantGroup section */
		C5410F39224A843F005CC5D4 /* Main.storyboard */ = {
			isa = PBXVariantGroup;
			children = (
				C5410F3A224A843F005CC5D4 /* Base */,
			);
			name = Main.storyboard;
			sourceTree = "<group>";
		};
		C5410F3E224A8441005CC5D4 /* LaunchScreen.storyboard */ = {
			isa = PBXVariantGroup;
			children = (
				C5410F3F224A8441005CC5D4 /* Base */,
			);
			name = LaunchScreen.storyboard;
			sourceTree = "<group>";
		};
/* End PBXVariantGroup section */

/* Begin XCBuildConfiguration section */
		C5410F42224A8441005CC5D4 /* Debug */ = {
			isa = XCBuildConfiguration;
			buildSettings = {
				ALWAYS_SEARCH_USER_PATHS = NO;
				CLANG_ANALYZER_NONNULL = YES;
				CLANG_ANALYZER_NUMBER_OBJECT_CONVERSION = YES_AGGRESSIVE;
				CLANG_CXX_LANGUAGE_STANDARD = "gnu++14";
				CLANG_CXX_LIBRARY = "libc++";
				CLANG_ENABLE_MODULES = YES;
				CLANG_ENABLE_OBJC_ARC = YES;
				CLANG_ENABLE_OBJC_WEAK = YES;
				CLANG_WARN_BLOCK_CAPTURE_AUTORELEASING = YES;
				CLANG_WARN_BOOL_CONVERSION = YES;
				CLANG_WARN_COMMA = YES;
				CLANG_WARN_CONSTANT_CONVERSION = YES;
				CLANG_WARN_DEPRECATED_OBJC_IMPLEMENTATIONS = YES;
				CLANG_WARN_DIRECT_OBJC_ISA_USAGE = YES_ERROR;
				CLANG_WARN_DOCUMENTATION_COMMENTS = YES;
				CLANG_WARN_EMPTY_BODY = YES;
				CLANG_WARN_ENUM_CONVERSION = YES;
				CLANG_WARN_INFINITE_RECURSION = YES;
				CLANG_WARN_INT_CONVERSION = YES;
				CLANG_WARN_NON_LITERAL_NULL_CONVERSION = YES;
				CLANG_WARN_OBJC_IMPLICIT_RETAIN_SELF = YES;
				CLANG_WARN_OBJC_LITERAL_CONVERSION = YES;
				CLANG_WARN_OBJC_ROOT_CLASS = YES_ERROR;
				CLANG_WARN_RANGE_LOOP_ANALYSIS = YES;
				CLANG_WARN_STRICT_PROTOTYPES = YES;
				CLANG_WARN_SUSPICIOUS_MOVE = YES;
				CLANG_WARN_UNGUARDED_AVAILABILITY = YES_AGGRESSIVE;
				CLANG_WARN_UNREACHABLE_CODE = YES;
				CLANG_WARN__DUPLICATE_METHOD_MATCH = YES;
				CODE_SIGN_IDENTITY = "iPhone Developer";
				COPY_PHASE_STRIP = NO;
				DEBUG_INFORMATION_FORMAT = dwarf;
				ENABLE_STRICT_OBJC_MSGSEND = YES;
				ENABLE_TESTABILITY = YES;
				GCC_C_LANGUAGE_STANDARD = gnu11;
				GCC_DYNAMIC_NO_PIC = NO;
				GCC_NO_COMMON_BLOCKS = YES;
				GCC_OPTIMIZATION_LEVEL = 0;
				GCC_PREPROCESSOR_DEFINITIONS = (
					"DEBUG=1",
					"$(inherited)",
				);
				GCC_WARN_64_TO_32_BIT_CONVERSION = YES;
				GCC_WARN_ABOUT_RETURN_TYPE = YES_ERROR;
				GCC_WARN_UNDECLARED_SELECTOR = YES;
				GCC_WARN_UNINITIALIZED_AUTOS = YES_AGGRESSIVE;
				GCC_WARN_UNUSED_FUNCTION = YES;
				GCC_WARN_UNUSED_VARIABLE = YES;
				IPHONEOS_DEPLOYMENT_TARGET = 12.1;
				MTL_ENABLE_DEBUG_INFO = INCLUDE_SOURCE;
				MTL_FAST_MATH = YES;
				ONLY_ACTIVE_ARCH = YES;
				SDKROOT = iphoneos;
				SWIFT_ACTIVE_COMPILATION_CONDITIONS = DEBUG;
				SWIFT_OPTIMIZATION_LEVEL = "-Onone";
			};
			name = Debug;
		};
		C5410F43224A8441005CC5D4 /* Release */ = {
			isa = XCBuildConfiguration;
			buildSettings = {
				ALWAYS_SEARCH_USER_PATHS = NO;
				CLANG_ANALYZER_NONNULL = YES;
				CLANG_ANALYZER_NUMBER_OBJECT_CONVERSION = YES_AGGRESSIVE;
				CLANG_CXX_LANGUAGE_STANDARD = "gnu++14";
				CLANG_CXX_LIBRARY = "libc++";
				CLANG_ENABLE_MODULES = YES;
				CLANG_ENABLE_OBJC_ARC = YES;
				CLANG_ENABLE_OBJC_WEAK = YES;
				CLANG_WARN_BLOCK_CAPTURE_AUTORELEASING = YES;
				CLANG_WARN_BOOL_CONVERSION = YES;
				CLANG_WARN_COMMA = YES;
				CLANG_WARN_CONSTANT_CONVERSION = YES;
				CLANG_WARN_DEPRECATED_OBJC_IMPLEMENTATIONS = YES;
				CLANG_WARN_DIRECT_OBJC_ISA_USAGE = YES_ERROR;
				CLANG_WARN_DOCUMENTATION_COMMENTS = YES;
				CLANG_WARN_EMPTY_BODY = YES;
				CLANG_WARN_ENUM_CONVERSION = YES;
				CLANG_WARN_INFINITE_RECURSION = YES;
				CLANG_WARN_INT_CONVERSION = YES;
				CLANG_WARN_NON_LITERAL_NULL_CONVERSION = YES;
				CLANG_WARN_OBJC_IMPLICIT_RETAIN_SELF = YES;
				CLANG_WARN_OBJC_LITERAL_CONVERSION = YES;
				CLANG_WARN_OBJC_ROOT_CLASS = YES_ERROR;
				CLANG_WARN_RANGE_LOOP_ANALYSIS = YES;
				CLANG_WARN_STRICT_PROTOTYPES = YES;
				CLANG_WARN_SUSPICIOUS_MOVE = YES;
				CLANG_WARN_UNGUARDED_AVAILABILITY = YES_AGGRESSIVE;
				CLANG_WARN_UNREACHABLE_CODE = YES;
				CLANG_WARN__DUPLICATE_METHOD_MATCH = YES;
				CODE_SIGN_IDENTITY = "iPhone Developer";
				COPY_PHASE_STRIP = NO;
				DEBUG_INFORMATION_FORMAT = "dwarf-with-dsym";
				ENABLE_NS_ASSERTIONS = NO;
				ENABLE_STRICT_OBJC_MSGSEND = YES;
				GCC_C_LANGUAGE_STANDARD = gnu11;
				GCC_NO_COMMON_BLOCKS = YES;
				GCC_WARN_64_TO_32_BIT_CONVERSION = YES;
				GCC_WARN_ABOUT_RETURN_TYPE = YES_ERROR;
				GCC_WARN_UNDECLARED_SELECTOR = YES;
				GCC_WARN_UNINITIALIZED_AUTOS = YES_AGGRESSIVE;
				GCC_WARN_UNUSED_FUNCTION = YES;
				GCC_WARN_UNUSED_VARIABLE = YES;
				IPHONEOS_DEPLOYMENT_TARGET = 12.1;
				MTL_ENABLE_DEBUG_INFO = NO;
				MTL_FAST_MATH = YES;
				SDKROOT = iphoneos;
				SWIFT_COMPILATION_MODE = wholemodule;
				SWIFT_OPTIMIZATION_LEVEL = "-O";
				VALIDATE_PRODUCT = YES;
			};
			name = Release;
		};
		C5410F45224A8441005CC5D4 /* Debug */ = {
			isa = XCBuildConfiguration;
			buildSettings = {
				ASSETCATALOG_COMPILER_APPICON_NAME = AppIcon;
				CODE_SIGN_STYLE = Automatic;
				DEVELOPMENT_TEAM = DZ729KZRG3;
				INFOPLIST_FILE = Touch/Info.plist;
				LD_RUNPATH_SEARCH_PATHS = (
					"$(inherited)",
					"@executable_path/Frameworks",
				);
				PRODUCT_BUNDLE_IDENTIFIER = Yiwei.Touch;
				PRODUCT_NAME = "$(TARGET_NAME)";
				SWIFT_VERSION = 4.2;
				TARGETED_DEVICE_FAMILY = "1,2";
			};
			name = Debug;
		};
		C5410F46224A8441005CC5D4 /* Release */ = {
			isa = XCBuildConfiguration;
			buildSettings = {
				ASSETCATALOG_COMPILER_APPICON_NAME = AppIcon;
				CODE_SIGN_STYLE = Automatic;
				DEVELOPMENT_TEAM = DZ729KZRG3;
				INFOPLIST_FILE = Touch/Info.plist;
				LD_RUNPATH_SEARCH_PATHS = (
					"$(inherited)",
					"@executable_path/Frameworks",
				);
				PRODUCT_BUNDLE_IDENTIFIER = Yiwei.Touch;
				PRODUCT_NAME = "$(TARGET_NAME)";
				SWIFT_VERSION = 4.2;
				TARGETED_DEVICE_FAMILY = "1,2";
			};
			name = Release;
		};
/* End XCBuildConfiguration section */

/* Begin XCConfigurationList section */
		C5410F2D224A843F005CC5D4 /* Build configuration list for PBXProject "Touch" */ = {
			isa = XCConfigurationList;
			buildConfigurations = (
				C5410F42224A8441005CC5D4 /* Debug */,
				C5410F43224A8441005CC5D4 /* Release */,
			);
			defaultConfigurationIsVisible = 0;
			defaultConfigurationName = Release;
		};
		C5410F44224A8441005CC5D4 /* Build configuration list for PBXNativeTarget "Touch" */ = {
			isa = XCConfigurationList;
			buildConfigurations = (
				C5410F45224A8441005CC5D4 /* Debug */,
				C5410F46224A8441005CC5D4 /* Release */,
			);
			defaultConfigurationIsVisible = 0;
			defaultConfigurationName = Release;
		};
/* End XCConfigurationList section */
	};
	rootObject = C5410F2A224A843F005CC5D4 /* Project object */;
}
